
Microsoft Visual Studio Solution File, Format Version 12.00
# Visual Studio Version 17
VisualStudioVersion = 17.0.32112.339
MinimumVisualStudioVersion = 10.0.40219.1
Project("{2150E333-8FDC-42A3-9474-1A3956D46DE8}") = "Solution Items", "Solution Items", "{CB62B7A8-4BD5-408D-8A03-60DEAE3E2203}"
	ProjectSection(SolutionItems) = preProject
		index.html = index.html
		Script.js = Script.js
		style.css = style.css
	EndProjectSection
EndProject
Global
	GlobalSection(SolutionProperties) = preSolution
		HideSolutionNode = FALSE
	EndGlobalSection
	GlobalSection(ExtensibilityGlobals) = postSolution
		SolutionGuid = {E945FF59-848B-48C9-AB25-A3F8D4CFE4C0}
	EndGlobalSection
EndGlobal
